
Microsoft Visual Studio Solution File, Format Version 12.00
# Visual Studio Version 17
VisualStudioVersion = 17.8.34525.116
MinimumVisualStudioVersion = 10.0.40219.1
Project("{FAE04EC0-301F-11D3-BF4B-00C04F79EFBC}") = "Hospital_Managment_System_OOP", "Hospital_Managment_System_OOP.csproj", "{531B99AB-2DAF-4585-83DD-855DBA2771B0}"
EndProject
Global
	GlobalSection(SolutionConfigurationPlatforms) = preSolution
		Debug|Any CPU = Debug|Any CPU
		Release|Any CPU = Release|Any CPU
	EndGlobalSection
	GlobalSection(ProjectConfigurationPlatforms) = postSolution
		{531B99AB-2DAF-4585-83DD-855DBA2771B0}.Debug|Any CPU.ActiveCfg = Debug|Any CPU
		{531B99AB-2DAF-4585-83DD-855DBA2771B0}.Debug|Any CPU.Build.0 = Debug|Any CPU
		{531B99AB-2DAF-4585-83DD-855DBA2771B0}.Release|Any CPU.ActiveCfg = Release|Any CPU
		{531B99AB-2DAF-4585-83DD-855DBA2771B0}.Release|Any CPU.Build.0 = Release|Any CPU
	EndGlobalSection
	GlobalSection(SolutionProperties) = preSolution
		HideSolutionNode = FALSE
	EndGlobalSection
	GlobalSection(ExtensibilityGlobals) = postSolution
		SolutionGuid = {179787F2-FF7D-4A5B-A1C0-3F58546D554C}
	EndGlobalSection
EndGlobal
